
Microsoft Visual Studio Solution File, Format Version 12.00
# Visual Studio Version 16
VisualStudioVersion = 16.0.31229.75
MinimumVisualStudioVersion = 10.0.40219.1
Project("{FAE04EC0-301F-11D3-BF4B-00C04F79EFBC}") = "PPRzad8", "PPRzad8\PPRzad8.csproj", "{7471AD12-C5E9-4D1D-ACA6-2497F7429BC9}"
EndProject
Global
	GlobalSection(SolutionConfigurationPlatforms) = preSolution
		Debug|Any CPU = Debug|Any CPU
		Release|Any CPU = Release|Any CPU
	EndGlobalSection
	GlobalSection(ProjectConfigurationPlatforms) = postSolution
		{7471AD12-C5E9-4D1D-ACA6-2497F7429BC9}.Debug|Any CPU.ActiveCfg = Debug|Any CPU
		{7471AD12-C5E9-4D1D-ACA6-2497F7429BC9}.Debug|Any CPU.Build.0 = Debug|Any CPU
		{7471AD12-C5E9-4D1D-ACA6-2497F7429BC9}.Release|Any CPU.ActiveCfg = Release|Any CPU
		{7471AD12-C5E9-4D1D-ACA6-2497F7429BC9}.Release|Any CPU.Build.0 = Release|Any CPU
	EndGlobalSection
	GlobalSection(SolutionProperties) = preSolution
		HideSolutionNode = FALSE
	EndGlobalSection
	GlobalSection(ExtensibilityGlobals) = postSolution
		SolutionGuid = {5E619DA8-8915-4F80-B523-8744120105FD}
	EndGlobalSection
EndGlobal
